
Microsoft Visual Studio Solution File, Format Version 12.00
# Visual Studio Version 16
VisualStudioVersion = 16.0.29102.190
MinimumVisualStudioVersion = 10.0.40219.1
Project("{9A19103F-16F7-4668-BE54-9A1E7A4F7556}") = "SpeechExperiments", "SpeechExperiments\SpeechExperiments.csproj", "{C5765ABF-CAC7-4259-9116-429BF0DCE339}"
EndProject
Global
	GlobalSection(SolutionConfigurationPlatforms) = preSolution
		Debug|Any CPU = Debug|Any CPU
		Release|Any CPU = Release|Any CPU
	EndGlobalSection
	GlobalSection(ProjectConfigurationPlatforms) = postSolution
		{C5765ABF-CAC7-4259-9116-429BF0DCE339}.Debug|Any CPU.ActiveCfg = Debug|Any CPU
		{C5765ABF-CAC7-4259-9116-429BF0DCE339}.Debug|Any CPU.Build.0 = Debug|Any CPU
		{C5765ABF-CAC7-4259-9116-429BF0DCE339}.Release|Any CPU.ActiveCfg = Release|Any CPU
		{C5765ABF-CAC7-4259-9116-429BF0DCE339}.Release|Any CPU.Build.0 = Release|Any CPU
	EndGlobalSection
	GlobalSection(SolutionProperties) = preSolution
		HideSolutionNode = FALSE
	EndGlobalSection
	GlobalSection(ExtensibilityGlobals) = postSolution
		SolutionGuid = {0AC7C8F4-5A7B-48F0-B921-8DB0EEC71706}
	EndGlobalSection
EndGlobal
